
Microsoft Visual Studio Solution File, Format Version 12.00
# Visual Studio 15
VisualStudioVersion = 15.0.28307.168
MinimumVisualStudioVersion = 10.0.40219.1
Project("{8BC9CEB8-8B4A-11D0-8D11-00A0C91BC942}") = "Task7", "Task7\Task7.vcxproj", "{812EF318-7CAB-449F-A91D-A14ADBBC96B2}"
EndProject
Global
	GlobalSection(SolutionConfigurationPlatforms) = preSolution
		Debug|x64 = Debug|x64
		Debug|x86 = Debug|x86
		Release|x64 = Release|x64
		Release|x86 = Release|x86
	EndGlobalSection
	GlobalSection(ProjectConfigurationPlatforms) = postSolution
		{812EF318-7CAB-449F-A91D-A14ADBBC96B2}.Debug|x64.ActiveCfg = Debug|x64
		{812EF318-7CAB-449F-A91D-A14ADBBC96B2}.Debug|x64.Build.0 = Debug|x64
		{812EF318-7CAB-449F-A91D-A14ADBBC96B2}.Debug|x86.ActiveCfg = Debug|Win32
		{812EF318-7CAB-449F-A91D-A14ADBBC96B2}.Debug|x86.Build.0 = Debug|Win32
		{812EF318-7CAB-449F-A91D-A14ADBBC96B2}.Release|x64.ActiveCfg = Release|x64
		{812EF318-7CAB-449F-A91D-A14ADBBC96B2}.Release|x64.Build.0 = Release|x64
		{812EF318-7CAB-449F-A91D-A14ADBBC96B2}.Release|x86.ActiveCfg = Release|Win32
		{812EF318-7CAB-449F-A91D-A14ADBBC96B2}.Release|x86.Build.0 = Release|Win32
	EndGlobalSection
	GlobalSection(SolutionProperties) = preSolution
		HideSolutionNode = FALSE
	EndGlobalSection
	GlobalSection(ExtensibilityGlobals) = postSolution
		SolutionGuid = {B642B0CD-B091-4DA4-8DC2-FBEEC08A1541}
	EndGlobalSection
EndGlobal
